<?xml version="1.0" encoding="utf-8"?>
<Project ToolsVersion="4.0" xmlns="http://schemas.microsoft.com/developer/msbuild/2003">
  <ItemGroup>
    <Filter Include="Source Files">
      <UniqueIdentifier>{4FC737F1-C7A5-4376-A066-2A32D752A2FF}</UniqueIdentifier>
      <Extensions>cpp;c;cc;cxx;def;odl;idl;hpj;bat;asm;asmx</Extensions>
    </Filter>
    <Filter Include="Header Files">
      <UniqueIdentifier>{93995380-89BD-4b04-88EB-625FBE52EBFB}</UniqueIdentifier>
      <Extensions>h;hh;hpp;hxx;hm;inl;inc;xsd</Extensions>
    </Filter>
    <Filter Include="Resource Files">
      <UniqueIdentifier>{67DA6AB6-F800-4c08-8B7A-83BB121AAD01}</UniqueIdentifier>
      <Extensions>rc;ico;cur;bmp;dlg;rc2;rct;bin;rgs;gif;jpg;jpeg;jpe;resx;tiff;tif;png;wav;mfcribbon-ms</Extensions>
    </Filter>
    <Filter Include="Header Files\cards">
      <UniqueIdentifier>{3aa062ec-64a7-419a-b92d-7aefa4bd5922}</UniqueIdentifier>
    </Filter>
    <Filter Include="Header Files\game">
      <UniqueIdentifier>{86ea6f33-045f-438e-9bde-2f0b31c84f00}</UniqueIdentifier>
    </Filter>
    <Filter Include="Source Files\cards">
      <UniqueIdentifier>{1084104a-1582-4a5f-aab4-3dbf20cdfa37}</UniqueIdentifier>
    </Filter>
    <Filter Include="Source Files\game">
      <UniqueIdentifier>{b50f3c51-3571-4e11-9bdd-8c6b1e712a17}</UniqueIdentifier>
    </Filter>
    <Filter Include="Source Files\utility">
      <UniqueIdentifier>{aa88ce40-d85f-4ad9-98bd-a9d76cc53ea5}</UniqueIdentifier>
    </Filter>
    <Filter Include="Header Files\utility">
      <UniqueIdentifier>{c31d377e-f595-4d2d-b3bf-183535d0156c}</UniqueIdentifier>
    </Filter>
    <Filter Include="Header Files\components">
      <UniqueIdentifier>{c3434c40-28fa-4f9a-ba8c-2dc22807a48f}</UniqueIdentifier>
    </Filter>
    <Filter Include="Source Files\components">
      <UniqueIdentifier>{90f67d60-0871-4c08-a50e-06dfe1b213d3}</UniqueIdentifier>
    </Filter>
    <Filter Include="Source Files\components\Function_Lists">
      <UniqueIdentifier>{b56f9550-fd1d-4ffe-ac90-cb9be478b469}</UniqueIdentifier>
    </Filter>
    <Filter Include="Header Files\components\Function_Lists">
      <UniqueIdentifier>{b7f3c369-2671-482a-92ab-871a8808b198}</UniqueIdentifier>
    </Filter>
  </ItemGroup>
  <ItemGroup>
    <ClInclude Include="stdafx.h">
      <Filter>Header Files</Filter>
    </ClInclude>
    <ClInclude Include="targetver.h">
      <Filter>Header Files</Filter>
    </ClInclude>
    <ClInclude Include="Ability.h">
      <Filter>Header Files\components</Filter>
    </ClInclude>
    <ClInclude Include="Accuracy.h">
      <Filter>Header Files\components</Filter>
    </ClInclude>
    <ClInclude Include="Armor.h">
      <Filter>Header Files\components</Filter>
    </ClInclude>
    <ClInclude Include="BasicAttack.h">
      <Filter>Header Files\components</Filter>
    </ClInclude>
    <ClInclude Include="Health.h">
      <Filter>Header Files\components</Filter>
    </ClInclude>
    <ClInclude Include="Inventory.h">
      <Filter>Header Files\components</Filter>
    </ClInclude>
    <ClInclude Include="Level.h">
      <Filter>Header Files\components</Filter>
    </ClInclude>
    <ClInclude Include="MonsterAbility.h">
      <Filter>Header Files\components</Filter>
    </ClInclude>
    <ClInclude Include="Name.h">
      <Filter>Header Files\components</Filter>
    </ClInclude>
    <ClInclude Include="Picture.h">
      <Filter>Header Files\components</Filter>
    </ClInclude>
    <ClInclude Include="Stat.h">
      <Filter>Header Files\components</Filter>
    </ClInclude>
    <ClInclude Include="CardObject.h">
      <Filter>Header Files\cards</Filter>
    </ClInclude>
    <ClInclude Include="EventCard.h">
      <Filter>Header Files\cards</Filter>
    </ClInclude>
    <ClInclude Include="LootCard.h">
      <Filter>Header Files\cards</Filter>
    </ClInclude>
    <ClInclude Include="MonsterCard.h">
      <Filter>Header Files\cards</Filter>
    </ClInclude>
    <ClInclude Include="TreasureCard.h">
      <Filter>Header Files\cards</Filter>
    </ClInclude>
    <ClInclude Include="Battle.h">
      <Filter>Header Files\game</Filter>
    </ClInclude>
    <ClInclude Include="Dice.h">
      <Filter>Header Files\game</Filter>
    </ClInclude>
    <ClInclude Include="GameWorld.h">
      <Filter>Header Files\game</Filter>
    </ClInclude>
    <ClInclude Include="Deck.h">
      <Filter>Header Files\cards</Filter>
    </ClInclude>
    <ClInclude Include="Utility.h">
      <Filter>Header Files\utility</Filter>
    </ClInclude>
    <ClInclude Include="Player.h">
      <Filter>Header Files\game</Filter>
    </ClInclude>
    <ClInclude Include="BranchCard.h">
      <Filter>Header Files\cards</Filter>
    </ClInclude>
    <ClInclude Include="StairCard.h">
      <Filter>Header Files\cards</Filter>
    </ClInclude>
    <ClInclude Include="Event.h">
      <Filter>Header Files\components</Filter>
    </ClInclude>
    <ClInclude Include="AbilityList.h">
      <Filter>Header Files\components\Function_Lists</Filter>
    </ClInclude>
    <ClInclude Include="EventList.h">
      <Filter>Header Files\components\Function_Lists</Filter>
    </ClInclude>
    <ClInclude Include="MonsterAbilityList.h">
      <Filter>Header Files\components\Function_Lists</Filter>
    </ClInclude>
  </ItemGroup>
  <ItemGroup>
    <ClCompile Include="stdafx.cpp">
      <Filter>Source Files</Filter>
    </ClCompile>
    <ClCompile Include="EternalDungeon.cpp">
      <Filter>Source Files</Filter>
    </ClCompile>
    <ClCompile Include="GameWorld.cpp">
      <Filter>Source Files\game</Filter>
    </ClCompile>
    <ClCompile Include="Dice.cpp">
      <Filter>Source Files\game</Filter>
    </ClCompile>
    <ClCompile Include="Battle.cpp">
      <Filter>Source Files\game</Filter>
    </ClCompile>
    <ClCompile Include="TreasureCard.cpp">
      <Filter>Source Files\cards</Filter>
    </ClCompile>
    <ClCompile Include="MonsterCard.cpp">
      <Filter>Source Files\cards</Filter>
    </ClCompile>
    <ClCompile Include="LootCard.cpp">
      <Filter>Source Files\cards</Filter>
    </ClCompile>
    <ClCompile Include="EventCard.cpp">
      <Filter>Source Files\cards</Filter>
    </ClCompile>
    <ClCompile Include="Deck.cpp">
      <Filter>Source Files\cards</Filter>
    </ClCompile>
    <ClCompile Include="Stat.cpp">
      <Filter>Source Files\components</Filter>
    </ClCompile>
    <ClCompile Include="Picture.cpp">
      <Filter>Source Files\components</Filter>
    </ClCompile>
    <ClCompile Include="Name.cpp">
      <Filter>Source Files\components</Filter>
    </ClCompile>
    <ClCompile Include="MonsterAbility.cpp">
      <Filter>Source Files\components</Filter>
    </ClCompile>
    <ClCompile Include="Level.cpp">
      <Filter>Source Files\components</Filter>
    </ClCompile>
    <ClCompile Include="Inventory.cpp">
      <Filter>Source Files\components</Filter>
    </ClCompile>
    <ClCompile Include="Health.cpp">
      <Filter>Source Files\components</Filter>
    </ClCompile>
    <ClCompile Include="BasicAttack.cpp">
      <Filter>Source Files\components</Filter>
    </ClCompile>
    <ClCompile Include="Armor.cpp">
      <Filter>Source Files\components</Filter>
    </ClCompile>
    <ClCompile Include="Accuracy.cpp">
      <Filter>Source Files\components</Filter>
    </ClCompile>
    <ClCompile Include="Ability.cpp">
      <Filter>Source Files\components</Filter>
    </ClCompile>
    <ClCompile Include="Utility.cpp">
      <Filter>Source Files\utility</Filter>
    </ClCompile>
    <ClCompile Include="Player.cpp">
      <Filter>Source Files\game</Filter>
    </ClCompile>
    <ClCompile Include="CardObject.cpp">
      <Filter>Source Files\cards</Filter>
    </ClCompile>
    <ClCompile Include="BranchCard.cpp">
      <Filter>Source Files\cards</Filter>
    </ClCompile>
    <ClCompile Include="StairCard.cpp">
      <Filter>Source Files\cards</Filter>
    </ClCompile>
    <ClCompile Include="csv_read.cpp">
      <Filter>Source Files\utility</Filter>
    </ClCompile>
    <ClCompile Include="Event.cpp">
      <Filter>Source Files\components</Filter>
    </ClCompile>
    <ClCompile Include="AbilityList.cpp">
      <Filter>Source Files\components\Function_Lists</Filter>
    </ClCompile>
    <ClCompile Include="EventList.cpp">
      <Filter>Source Files\components\Function_Lists</Filter>
    </ClCompile>
    <ClCompile Include="MonsterAbilityList.cpp">
      <Filter>Source Files\components\Function_Lists</Filter>
    </ClCompile>
  </ItemGroup>
</Project>